{
  "version": 4,
  "terraform_version": "1.13.3",
  "serial": 9,
  "lineage": "0b4368e1-4a46-3fd1-72dd-17801fbb3fd9",
  "outputs": {
    "b2_app_files_bucket": {
      "value": {
        "id": "025fa34d3be19c2b939e0117",
        "name": "my-api-files-dev",
        "url": "https://f002.backblazeb2.com/file/my-api-files-dev/"
      },
      "type": [
        "object",
        {
          "id": "string",
          "name": "string",
          "url": "string"
        }
      ]
    },
    "b2_app_key_info": {
      "value": {
        "key": "K0030a8cdyz6z5wmeGbHKgWdHr72MtQ",
        "key_id": "0032f3db1cb3e170000000006"
      },
      "type": [
        "object",
        {
          "key": "string",
          "key_id": "string"
        }
      ],
      "sensitive": true
    },
    "b2_backups_bucket": {
      "value": {
        "id": "127fa34d3be19c2b939e0117",
        "name": "my-api-backups-dev"
      },
      "type": [
        "object",
        {
          "id": "string",
          "name": "string"
        }
      ]
    },
    "kubernetes_namespace": {
      "value": "my-api-dev",
      "type": "string"
    }
  },
  "resources": [
    {
      "mode": "managed",
      "type": "b2_application_key",
      "name": "app_key",
      "provider": "provider[\"registry.terraform.io/backblaze/b2\"]",
      "instances": [
        {
          "schema_version": 0,
          "attributes": {
            "application_key": "K0030a8cdyz6z5wmeGbHKgWdHr72MtQ",
            "application_key_id": "0032f3db1cb3e170000000006",
            "bucket_id": "025fa34d3be19c2b939e0117",
            "capabilities": [
              "listFiles",
              "readFiles",
              "shareFiles",
              "writeFiles"
            ],
            "id": "0032f3db1cb3e170000000006",
            "key_name": "my-api-app-key-dev",
            "name_prefix": "",
            "options": [
              "s3"
            ]
          },
          "sensitive_attributes": [
            [
              {
                "type": "get_attr",
                "value": "application_key"
              }
            ]
          ],
          "identity_schema_version": 0,
          "private": "bnVsbA==",
          "dependencies": [
            "b2_bucket.app_files"
          ]
        }
      ]
    },
    {
      "mode": "managed",
      "type": "b2_bucket",
      "name": "app_files",
      "provider": "provider[\"registry.terraform.io/backblaze/b2\"]",
      "instances": [
        {
          "schema_version": 0,
          "attributes": {
            "account_id": "2f3db1cb3e17",
            "bucket_id": "025fa34d3be19c2b939e0117",
            "bucket_info": null,
            "bucket_name": "my-api-files-dev",
            "bucket_type": "allPrivate",
            "cors_rules": [
              {
                "allowed_headers": [
                  "*"
                ],
                "allowed_operations": [
                  "b2_download_file_by_id",
                  "b2_download_file_by_name"
                ],
                "allowed_origins": [
                  "*"
                ],
                "cors_rule_name": "downloadFromAnyOrigin",
                "expose_headers": null,
                "max_age_seconds": 3600
              }
            ],
            "default_server_side_encryption": [
              {
                "algorithm": "",
                "mode": "none"
              }
            ],
            "file_lock_configuration": [
              {
                "default_retention": [],
                "is_file_lock_enabled": false
              }
            ],
            "id": "025fa34d3be19c2b939e0117",
            "lifecycle_rules": [
              {
                "days_from_hiding_to_deleting": 1,
                "days_from_uploading_to_hiding": 7,
                "file_name_prefix": "temp/"
              }
            ],
            "options": [
              "s3"
            ],
            "revision": 2
          },
          "sensitive_attributes": [],
          "identity_schema_version": 0,
          "private": "bnVsbA=="
        }
      ]
    },
    {
      "mode": "managed",
      "type": "b2_bucket",
      "name": "backups",
      "provider": "provider[\"registry.terraform.io/backblaze/b2\"]",
      "instances": [
        {
          "schema_version": 0,
          "attributes": {
            "account_id": "2f3db1cb3e17",
            "bucket_id": "127fa34d3be19c2b939e0117",
            "bucket_info": null,
            "bucket_name": "my-api-backups-dev",
            "bucket_type": "allPrivate",
            "cors_rules": [],
            "default_server_side_encryption": [
              {
                "algorithm": "",
                "mode": "none"
              }
            ],
            "file_lock_configuration": [
              {
                "default_retention": [],
                "is_file_lock_enabled": false
              }
            ],
            "id": "127fa34d3be19c2b939e0117",
            "lifecycle_rules": [
              {
                "days_from_hiding_to_deleting": 7,
                "days_from_uploading_to_hiding": 30,
                "file_name_prefix": "daily/"
              },
              {
                "days_from_hiding_to_deleting": 30,
                "days_from_uploading_to_hiding": 90,
                "file_name_prefix": "weekly/"
              }
            ],
            "options": [
              "s3"
            ],
            "revision": 2
          },
          "sensitive_attributes": [],
          "identity_schema_version": 0,
          "private": "bnVsbA=="
        }
      ]
    },
    {
      "mode": "managed",
      "type": "kubernetes_config_map",
      "name": "app_config",
      "provider": "provider[\"registry.terraform.io/hashicorp/kubernetes\"]",
      "instances": [
        {
          "schema_version": 0,
          "attributes": {
            "binary_data": null,
            "data": {
              "ENVIRONMENT": "dev",
              "NODE_ENV": "production",
              "PORT": "3000",
              "VERSION": "terraform-managed"
            },
            "id": "my-api-dev/my-api-config",
            "immutable": false,
            "metadata": [
              {
                "annotations": null,
                "generate_name": "",
                "generation": 0,
                "labels": null,
                "name": "my-api-config",
                "namespace": "my-api-dev",
                "resource_version": "46234",
                "uid": "cd8e04d4-9588-4338-bcbd-6063c9e53180"
              }
            ]
          },
          "sensitive_attributes": [],
          "identity_schema_version": 1,
          "identity": {
            "api_version": "v1",
            "kind": "ConfigMap",
            "name": "my-api-config",
            "namespace": "my-api-dev"
          },
          "private": "bnVsbA==",
          "dependencies": [
            "kubernetes_namespace.app"
          ]
        }
      ]
    },
    {
      "mode": "managed",
      "type": "kubernetes_namespace",
      "name": "app",
      "provider": "provider[\"registry.terraform.io/hashicorp/kubernetes\"]",
      "instances": [
        {
          "schema_version": 0,
          "attributes": {
            "id": "my-api-dev",
            "metadata": [
              {
                "annotations": null,
                "generate_name": "",
                "generation": 0,
                "labels": {
                  "environment": "dev",
                  "managed_by": "terraform",
                  "name": "my-api-dev"
                },
                "name": "my-api-dev",
                "resource_version": "46230",
                "uid": "5537001c-22ca-43bd-bdb1-6c8a1250a0c1"
              }
            ],
            "timeouts": null,
            "wait_for_default_service_account": false
          },
          "sensitive_attributes": [],
          "identity_schema_version": 1,
          "identity": {
            "api_version": "v1",
            "kind": "Namespace",
            "name": "my-api-dev"
          },
          "private": "eyJlMmJmYjczMC1lY2FhLTExZTYtOGY4OC0zNDM2M2JjN2M0YzAiOnsiZGVsZXRlIjozMDAwMDAwMDAwMDB9fQ=="
        }
      ]
    },
    {
      "mode": "managed",
      "type": "kubernetes_secret",
      "name": "b2_credentials",
      "provider": "provider[\"registry.terraform.io/hashicorp/kubernetes\"]",
      "instances": [
        {
          "schema_version": 0,
          "attributes": {
            "binary_data": null,
            "binary_data_wo": null,
            "binary_data_wo_revision": null,
            "data": {
              "B2_APP_KEY": "K0030a8cdyz6z5wmeGbHKgWdHr72MtQ",
              "B2_APP_KEY_ID": "0032f3db1cb3e170000000006",
              "B2_BUCKET_ID": "025fa34d3be19c2b939e0117",
              "B2_BUCKET_NAME": "my-api-files-dev"
            },
            "data_wo": null,
            "data_wo_revision": null,
            "id": "my-api-dev/my-api-b2-credentials",
            "immutable": false,
            "metadata": [
              {
                "annotations": null,
                "generate_name": "",
                "generation": 0,
                "labels": null,
                "name": "my-api-b2-credentials",
                "namespace": "my-api-dev",
                "resource_version": "46253",
                "uid": "e8b43f66-8b1c-4f37-91ad-4a09a795ee55"
              }
            ],
            "timeouts": null,
            "type": "Opaque",
            "wait_for_service_account_token": true
          },
          "sensitive_attributes": [
            [
              {
                "type": "get_attr",
                "value": "binary_data"
              }
            ],
            [
              {
                "type": "get_attr",
                "value": "data"
              }
            ],
            [
              {
                "type": "get_attr",
                "value": "data"
              },
              {
                "type": "index",
                "value": {
                  "value": "B2_APP_KEY",
                  "type": "string"
                }
              }
            ]
          ],
          "identity_schema_version": 1,
          "identity": {
            "api_version": "v1",
            "kind": "Secret",
            "name": "my-api-b2-credentials",
            "namespace": "my-api-dev"
          },
          "private": "eyJlMmJmYjczMC1lY2FhLTExZTYtOGY4OC0zNDM2M2JjN2M0YzAiOnsiY3JlYXRlIjo2MDAwMDAwMDAwMH19",
          "dependencies": [
            "b2_application_key.app_key",
            "b2_bucket.app_files",
            "kubernetes_namespace.app"
          ]
        }
      ]
    }
  ],
  "check_results": null
}
